
Microsoft Visual Studio Solution File, Format Version 12.00
# Visual Studio Version 17
VisualStudioVersion = 17.14.36212.18
MinimumVisualStudioVersion = 10.0.40219.1
Project("{FAE04EC0-301F-11D3-BF4B-00C04F79EFBC}") = "fsd13-project1", "fsd13-project1\fsd13-project1.csproj", "{0938FB0D-1047-4346-977D-23CF9239D947}"
EndProject
Project("{2150E333-8FDC-42A3-9474-1A3956D46DE8}") = "Solution Items", "Solution Items", "{8EC462FD-D22E-90A8-E5CE-7E832BA40C5D}"
	ProjectSection(SolutionItems) = preProject
		.gitignore = .gitignore
	EndProjectSection
EndProject
Project("{FAE04EC0-301F-11D3-BF4B-00C04F79EFBC}") = "fsd13-project2", "fsd13-project2\fsd13-project2.csproj", "{83FBBEAB-D648-4D1C-BDAE-6B5DF4FFDE9B}"
EndProject
Project("{FAE04EC0-301F-11D3-BF4B-00C04F79EFBC}") = "WpfApp1", "WpfApp1\WpfApp1.csproj", "{DB1A0F67-5FDA-4814-99D5-D2715DCF6DEC}"
EndProject
Project("{FAE04EC0-301F-11D3-BF4B-00C04F79EFBC}") = "Assignment2", "Assignment2\Assignment2.csproj", "{54050F5E-07FA-4E64-9B04-3909E3412F51}"
EndProject
Project("{FAE04EC0-301F-11D3-BF4B-00C04F79EFBC}") = "fsd13-project3", "fsd13-project3\fsd13-project3.csproj", "{F974215E-E7C0-47D2-9CFE-D13C1BF7C702}"
EndProject
Project("{FAE04EC0-301F-11D3-BF4B-00C04F79EFBC}") = "Assignment3", "Assignment3\Assignment3.csproj", "{C34E6159-D256-4857-82DE-2E41CC571BFE}"
EndProject
Project("{FAE04EC0-301F-11D3-BF4B-00C04F79EFBC}") = "fsd13-project4", "fsd13-project4\fsd13-project4.csproj", "{B5501092-7D7E-4765-BE9B-BD88D2D1E614}"
EndProject
Project("{FAE04EC0-301F-11D3-BF4B-00C04F79EFBC}") = "DelegateExamples", "DelegateExamples\DelegateExamples.csproj", "{08AB3D08-1D53-4A5B-94C2-8B197209020F}"
EndProject
Project("{FAE04EC0-301F-11D3-BF4B-00C04F79EFBC}") = "fsd123-project5", "fsd123-project5\fsd123-project5.csproj", "{910D9E94-75CB-4794-909D-FF7E1A03D031}"
EndProject
Global
	GlobalSection(SolutionConfigurationPlatforms) = preSolution
		Debug|Any CPU = Debug|Any CPU
		Release|Any CPU = Release|Any CPU
	EndGlobalSection
	GlobalSection(ProjectConfigurationPlatforms) = postSolution
		{0938FB0D-1047-4346-977D-23CF9239D947}.Debug|Any CPU.ActiveCfg = Debug|Any CPU
		{0938FB0D-1047-4346-977D-23CF9239D947}.Debug|Any CPU.Build.0 = Debug|Any CPU
		{0938FB0D-1047-4346-977D-23CF9239D947}.Release|Any CPU.ActiveCfg = Release|Any CPU
		{0938FB0D-1047-4346-977D-23CF9239D947}.Release|Any CPU.Build.0 = Release|Any CPU
		{83FBBEAB-D648-4D1C-BDAE-6B5DF4FFDE9B}.Debug|Any CPU.ActiveCfg = Debug|Any CPU
		{83FBBEAB-D648-4D1C-BDAE-6B5DF4FFDE9B}.Debug|Any CPU.Build.0 = Debug|Any CPU
		{83FBBEAB-D648-4D1C-BDAE-6B5DF4FFDE9B}.Release|Any CPU.ActiveCfg = Release|Any CPU
		{83FBBEAB-D648-4D1C-BDAE-6B5DF4FFDE9B}.Release|Any CPU.Build.0 = Release|Any CPU
		{DB1A0F67-5FDA-4814-99D5-D2715DCF6DEC}.Debug|Any CPU.ActiveCfg = Debug|Any CPU
		{DB1A0F67-5FDA-4814-99D5-D2715DCF6DEC}.Debug|Any CPU.Build.0 = Debug|Any CPU
		{DB1A0F67-5FDA-4814-99D5-D2715DCF6DEC}.Release|Any CPU.ActiveCfg = Release|Any CPU
		{DB1A0F67-5FDA-4814-99D5-D2715DCF6DEC}.Release|Any CPU.Build.0 = Release|Any CPU
		{54050F5E-07FA-4E64-9B04-3909E3412F51}.Debug|Any CPU.ActiveCfg = Debug|Any CPU
		{54050F5E-07FA-4E64-9B04-3909E3412F51}.Debug|Any CPU.Build.0 = Debug|Any CPU
		{54050F5E-07FA-4E64-9B04-3909E3412F51}.Release|Any CPU.ActiveCfg = Release|Any CPU
		{54050F5E-07FA-4E64-9B04-3909E3412F51}.Release|Any CPU.Build.0 = Release|Any CPU
		{F974215E-E7C0-47D2-9CFE-D13C1BF7C702}.Debug|Any CPU.ActiveCfg = Debug|Any CPU
		{F974215E-E7C0-47D2-9CFE-D13C1BF7C702}.Debug|Any CPU.Build.0 = Debug|Any CPU
		{F974215E-E7C0-47D2-9CFE-D13C1BF7C702}.Release|Any CPU.ActiveCfg = Release|Any CPU
		{F974215E-E7C0-47D2-9CFE-D13C1BF7C702}.Release|Any CPU.Build.0 = Release|Any CPU
		{C34E6159-D256-4857-82DE-2E41CC571BFE}.Debug|Any CPU.ActiveCfg = Debug|Any CPU
		{C34E6159-D256-4857-82DE-2E41CC571BFE}.Debug|Any CPU.Build.0 = Debug|Any CPU
		{C34E6159-D256-4857-82DE-2E41CC571BFE}.Release|Any CPU.ActiveCfg = Release|Any CPU
		{C34E6159-D256-4857-82DE-2E41CC571BFE}.Release|Any CPU.Build.0 = Release|Any CPU
		{B5501092-7D7E-4765-BE9B-BD88D2D1E614}.Debug|Any CPU.ActiveCfg = Debug|Any CPU
		{B5501092-7D7E-4765-BE9B-BD88D2D1E614}.Debug|Any CPU.Build.0 = Debug|Any CPU
		{B5501092-7D7E-4765-BE9B-BD88D2D1E614}.Release|Any CPU.ActiveCfg = Release|Any CPU
		{B5501092-7D7E-4765-BE9B-BD88D2D1E614}.Release|Any CPU.Build.0 = Release|Any CPU
		{08AB3D08-1D53-4A5B-94C2-8B197209020F}.Debug|Any CPU.ActiveCfg = Debug|Any CPU
		{08AB3D08-1D53-4A5B-94C2-8B197209020F}.Debug|Any CPU.Build.0 = Debug|Any CPU
		{08AB3D08-1D53-4A5B-94C2-8B197209020F}.Release|Any CPU.ActiveCfg = Release|Any CPU
		{08AB3D08-1D53-4A5B-94C2-8B197209020F}.Release|Any CPU.Build.0 = Release|Any CPU
		{910D9E94-75CB-4794-909D-FF7E1A03D031}.Debug|Any CPU.ActiveCfg = Debug|Any CPU
		{910D9E94-75CB-4794-909D-FF7E1A03D031}.Debug|Any CPU.Build.0 = Debug|Any CPU
		{910D9E94-75CB-4794-909D-FF7E1A03D031}.Release|Any CPU.ActiveCfg = Release|Any CPU
		{910D9E94-75CB-4794-909D-FF7E1A03D031}.Release|Any CPU.Build.0 = Release|Any CPU
	EndGlobalSection
	GlobalSection(SolutionProperties) = preSolution
		HideSolutionNode = FALSE
	EndGlobalSection
	GlobalSection(ExtensibilityGlobals) = postSolution
		SolutionGuid = {B12CA5A5-5B84-4329-9E20-9B7A06229F36}
	EndGlobalSection
EndGlobal
